// !$*UTF8*$!
{
	archiveVersion = 1;
	classes = {
	};
	objectVersion = 46;
	objects = {

/* Begin PBXBuildFile section */
		DE4188341BBD7A1D00D8775C /* AppDelegate.swift in Sources */ = {isa = PBXBuildFile; fileRef = DE4188331BBD7A1D00D8775C /* AppDelegate.swift */; };
		DE4188361BBD7A1D00D8775C /* ViewController.swift in Sources */ = {isa = PBXBuildFile; fileRef = DE4188351BBD7A1D00D8775C /* ViewController.swift */; };
		DE4188391BBD7A1D00D8775C /* Main.storyboard in Resources */ = {isa = PBXBuildFile; fileRef = DE4188371BBD7A1D00D8775C /* Main.storyboard */; };
		DE41883B1BBD7A1D00D8775C /* Assets.xcassets in Resources */ = {isa = PBXBuildFile; fileRef = DE41883A1BBD7A1D00D8775C /* Assets.xcassets */; };
		DE41883E1BBD7A1D00D8775C /* LaunchScreen.storyboard in Resources */ = {isa = PBXBuildFile; fileRef = DE41883C1BBD7A1D00D8775C /* LaunchScreen.storyboard */; };
/* End PBXBuildFile section */

/* Begin PBXFileReference section */
		DE4188301BBD7A1D00D8775C /* Controlling the Keyboard.app */ = {isa = PBXFileReference; explicitFileType = wrapper.application; includeInIndex = 0; path = "Controlling the Keyboard.app"; sourceTree = BUILT_PRODUCTS_DIR; };
		DE4188331BBD7A1D00D8775C /* AppDelegate.swift */ = {isa = PBXFileReference; lastKnownFileType = sourcecode.swift; path = AppDelegate.swift; sourceTree = "<group>"; };
		DE4188351BBD7A1D00D8775C /* ViewController.swift */ = {isa = PBXFileReference; lastKnownFileType = sourcecode.swift; path = ViewController.swift; sourceTree = "<group>"; };
		DE4188381BBD7A1D00D8775C /* Base */ = {isa = PBXFileReference; lastKnownFileType = file.storyboard; name = Base; path = Base.lproj/Main.storyboard; sourceTree = "<group>"; };
		DE41883A1BBD7A1D00D8775C /* Assets.xcassets */ = {isa = PBXFileReference; lastKnownFileType = folder.assetcatalog; path = Assets.xcassets; sourceTree = "<group>"; };
		DE41883D1BBD7A1D00D8775C /* Base */ = {isa = PBXFileReference; lastKnownFileType = file.storyboard; name = Base; path = Base.lproj/LaunchScreen.storyboard; sourceTree = "<group>"; };
		DE41883F1BBD7A1D00D8775C /* Info.plist */ = {isa = PBXFileReference; lastKnownFileType = text.plist.xml; path = Info.plist; sourceTree = "<group>"; };
/* End PBXFileReference section */

/* Begin PBXFrameworksBuildPhase section */
		DE41882D1BBD7A1D00D8775C /* Frameworks */ = {
			isa = PBXFrameworksBuildPhase;
			buildActionMask = 2147483647;
			files = (
			);
			runOnlyForDeploymentPostprocessing = 0;
		};
/* End PBXFrameworksBuildPhase section */

/* Begin PBXGroup section */
		DE4188271BBD7A1D00D8775C = {
			isa = PBXGroup;
			children = (
				DE4188321BBD7A1D00D8775C /* Controlling the Keyboard */,
				DE4188311BBD7A1D00D8775C /* Products */,
			);
			sourceTree = "<group>";
		};
		DE4188311BBD7A1D00D8775C /* Products */ = {
			isa = PBXGroup;
			children = (
				DE4188301BBD7A1D00D8775C /* Controlling the Keyboard.app */,
			);
			name = Products;
			sourceTree = "<group>";
		};
		DE4188321BBD7A1D00D8775C /* Controlling the Keyboard */ = {
			isa = PBXGroup;
			children = (
				DE4188331BBD7A1D00D8775C /* AppDelegate.swift */,
				DE4188351BBD7A1D00D8775C /* ViewController.swift */,
				DE4188371BBD7A1D00D8775C /* Main.storyboard */,
				DE41883A1BBD7A1D00D8775C /* Assets.xcassets */,
				DE41883C1BBD7A1D00D8775C /* LaunchScreen.storyboard */,
				DE41883F1BBD7A1D00D8775C /* Info.plist */,
			);
			path = "Controlling the Keyboard";
			sourceTree = "<group>";
		};
/* End PBXGroup section */

/* Begin PBXNativeTarget section */
		DE41882F1BBD7A1D00D8775C /* Controlling the Keyboard */ = {
			isa = PBXNativeTarget;
			buildConfigurationList = DE4188421BBD7A1D00D8775C /* Build configuration list for PBXNativeTarget "Controlling the Keyboard" */;
			buildPhases = (
				DE41882C1BBD7A1D00D8775C /* Sources */,
				DE41882D1BBD7A1D00D8775C /* Frameworks */,
				DE41882E1BBD7A1D00D8775C /* Resources */,
			);
			buildRules = (
			);
			dependencies = (
			);
			name = "Controlling the Keyboard";
			productName = "Controlling the Keyboard";
			productReference = DE4188301BBD7A1D00D8775C /* Controlling the Keyboard.app */;
			productType = "com.apple.product-type.application";
		};
/* End PBXNativeTarget section */

/* Begin PBXProject section */
		DE4188281BBD7A1D00D8775C /* Project object */ = {
			isa = PBXProject;
			attributes = {
				LastUpgradeCheck = 0700;
				ORGANIZATIONNAME = HashRocket;
				TargetAttributes = {
					DE41882F1BBD7A1D00D8775C = {
						CreatedOnToolsVersion = 7.0.1;
					};
				};
			};
			buildConfigurationList = DE41882B1BBD7A1D00D8775C /* Build configuration list for PBXProject "Controlling the Keyboard" */;
			compatibilityVersion = "Xcode 3.2";
			developmentRegion = English;
			hasScannedForEncodings = 0;
			knownRegions = (
				en,
				Base,
			);
			mainGroup = DE4188271BBD7A1D00D8775C;
			productRefGroup = DE4188311BBD7A1D00D8775C /* Products */;
			projectDirPath = "";
			projectRoot = "";
			targets = (
				DE41882F1BBD7A1D00D8775C /* Controlling the Keyboard */,
			);
		};
/* End PBXProject section */

/* Begin PBXResourcesBuildPhase section */
		DE41882E1BBD7A1D00D8775C /* Resources */ = {
			isa = PBXResourcesBuildPhase;
			buildActionMask = 2147483647;
			files = (
				DE41883E1BBD7A1D00D8775C /* LaunchScreen.storyboard in Resources */,
				DE41883B1BBD7A1D00D8775C /* Assets.xcassets in Resources */,
				DE4188391BBD7A1D00D8775C /* Main.storyboard in Resources */,
			);
			runOnlyForDeploymentPostprocessing = 0;
		};
/* End PBXResourcesBuildPhase section */

/* Begin PBXSourcesBuildPhase section */
		DE41882C1BBD7A1D00D8775C /* Sources */ = {
			isa = PBXSourcesBuildPhase;
			buildActionMask = 2147483647;
			files = (
				DE4188361BBD7A1D00D8775C /* ViewController.swift in Sources */,
				DE4188341BBD7A1D00D8775C /* AppDelegate.swift in Sources */,
			);
			runOnlyForDeploymentPostprocessing = 0;
		};
/* End PBXSourcesBuildPhase section */

/* Begin PBXVariantGroup section */
		DE4188371BBD7A1D00D8775C /* Main.storyboard */ = {
			isa = PBXVariantGroup;
			children = (
				DE4188381BBD7A1D00D8775C /* Base */,
			);
			name = Main.storyboard;
			sourceTree = "<group>";
		};
		DE41883C1BBD7A1D00D8775C /* LaunchScreen.storyboard */ = {
			isa = PBXVariantGroup;
			children = (
				DE41883D1BBD7A1D00D8775C /* Base */,
			);
			name = LaunchScreen.storyboard;
			sourceTree = "<group>";
		};
/* End PBXVariantGroup section */

/* Begin XCBuildConfiguration section */
		DE4188401BBD7A1D00D8775C /* Debug */ = {
			isa = XCBuildConfiguration;
			buildSettings = {
				ALWAYS_SEARCH_USER_PATHS = NO;
				CLANG_CXX_LANGUAGE_STANDARD = "gnu++0x";
				CLANG_CXX_LIBRARY = "libc++";
				CLANG_ENABLE_MODULES = YES;
				CLANG_ENABLE_OBJC_ARC = YES;
				CLANG_WARN_BOOL_CONVERSION = YES;
				CLANG_WARN_CONSTANT_CONVERSION = YES;
				CLANG_WARN_DIRECT_OBJC_ISA_USAGE = YES_ERROR;
				CLANG_WARN_EMPTY_BODY = YES;
				CLANG_WARN_ENUM_CONVERSION = YES;
				CLANG_WARN_INT_CONVERSION = YES;
				CLANG_WARN_OBJC_ROOT_CLASS = YES_ERROR;
				CLANG_WARN_UNREACHABLE_CODE = YES;
				CLANG_WARN__DUPLICATE_METHOD_MATCH = YES;
				"CODE_SIGN_IDENTITY[sdk=iphoneos*]" = "iPhone Developer";
				COPY_PHASE_STRIP = NO;
				DEBUG_INFORMATION_FORMAT = dwarf;
				ENABLE_STRICT_OBJC_MSGSEND = YES;
				ENABLE_TESTABILITY = YES;
				GCC_C_LANGUAGE_STANDARD = gnu99;
				GCC_DYNAMIC_NO_PIC = NO;
				GCC_NO_COMMON_BLOCKS = YES;
				GCC_OPTIMIZATION_LEVEL = 0;
				GCC_PREPROCESSOR_DEFINITIONS = (
					"DEBUG=1",
					"$(inherited)",
				);
				GCC_WARN_64_TO_32_BIT_CONVERSION = YES;
				GCC_WARN_ABOUT_RETURN_TYPE = YES_ERROR;
				GCC_WARN_UNDECLARED_SELECTOR = YES;
				GCC_WARN_UNINITIALIZED_AUTOS = YES_AGGRESSIVE;
				GCC_WARN_UNUSED_FUNCTION = YES;
				GCC_WARN_UNUSED_VARIABLE = YES;
				IPHONEOS_DEPLOYMENT_TARGET = 9.0;
				MTL_ENABLE_DEBUG_INFO = YES;
				ONLY_ACTIVE_ARCH = YES;
				SDKROOT = iphoneos;
				SWIFT_OPTIMIZATION_LEVEL = "-Onone";
			};
			name = Debug;
		};
		DE4188411BBD7A1D00D8775C /* Release */ = {
			isa = XCBuildConfiguration;
			buildSettings = {
				ALWAYS_SEARCH_USER_PATHS = NO;
				CLANG_CXX_LANGUAGE_STANDARD = "gnu++0x";
				CLANG_CXX_LIBRARY = "libc++";
				CLANG_ENABLE_MODULES = YES;
				CLANG_ENABLE_OBJC_ARC = YES;
				CLANG_WARN_BOOL_CONVERSION = YES;
				CLANG_WARN_CONSTANT_CONVERSION = YES;
				CLANG_WARN_DIRECT_OBJC_ISA_USAGE = YES_ERROR;
				CLANG_WARN_EMPTY_BODY = YES;
				CLANG_WARN_ENUM_CONVERSION = YES;
				CLANG_WARN_INT_CONVERSION = YES;
				CLANG_WARN_OBJC_ROOT_CLASS = YES_ERROR;
				CLANG_WARN_UNREACHABLE_CODE = YES;
				CLANG_WARN__DUPLICATE_METHOD_MATCH = YES;
				"CODE_SIGN_IDENTITY[sdk=iphoneos*]" = "iPhone Developer";
				COPY_PHASE_STRIP = NO;
				DEBUG_INFORMATION_FORMAT = "dwarf-with-dsym";
				ENABLE_NS_ASSERTIONS = NO;
				ENABLE_STRICT_OBJC_MSGSEND = YES;
				GCC_C_LANGUAGE_STANDARD = gnu99;
				GCC_NO_COMMON_BLOCKS = YES;
				GCC_WARN_64_TO_32_BIT_CONVERSION = YES;
				GCC_WARN_ABOUT_RETURN_TYPE = YES_ERROR;
				GCC_WARN_UNDECLARED_SELECTOR = YES;
				GCC_WARN_UNINITIALIZED_AUTOS = YES_AGGRESSIVE;
				GCC_WARN_UNUSED_FUNCTION = YES;
				GCC_WARN_UNUSED_VARIABLE = YES;
				IPHONEOS_DEPLOYMENT_TARGET = 9.0;
				MTL_ENABLE_DEBUG_INFO = NO;
				SDKROOT = iphoneos;
				VALIDATE_PRODUCT = YES;
			};
			name = Release;
		};
		DE4188431BBD7A1D00D8775C /* Debug */ = {
			isa = XCBuildConfiguration;
			buildSettings = {
				ASSETCATALOG_COMPILER_APPICON_NAME = AppIcon;
				INFOPLIST_FILE = "Controlling the Keyboard/Info.plist";
				LD_RUNPATH_SEARCH_PATHS = "$(inherited) @executable_path/Frameworks";
				PRODUCT_BUNDLE_IDENTIFIER = "Open-Sky-Media--LLC.Controlling-the-Keyboard";
				PRODUCT_NAME = "$(TARGET_NAME)";
			};
			name = Debug;
		};
		DE4188441BBD7A1D00D8775C /* Release */ = {
			isa = XCBuildConfiguration;
			buildSettings = {
				ASSETCATALOG_COMPILER_APPICON_NAME = AppIcon;
				INFOPLIST_FILE = "Controlling the Keyboard/Info.plist";
				LD_RUNPATH_SEARCH_PATHS = "$(inherited) @executable_path/Frameworks";
				PRODUCT_BUNDLE_IDENTIFIER = "Open-Sky-Media--LLC.Controlling-the-Keyboard";
				PRODUCT_NAME = "$(TARGET_NAME)";
			};
			name = Release;
		};
/* End XCBuildConfiguration section */

/* Begin XCConfigurationList section */
		DE41882B1BBD7A1D00D8775C /* Build configuration list for PBXProject "Controlling the Keyboard" */ = {
			isa = XCConfigurationList;
			buildConfigurations = (
				DE4188401BBD7A1D00D8775C /* Debug */,
				DE4188411BBD7A1D00D8775C /* Release */,
			);
			defaultConfigurationIsVisible = 0;
			defaultConfigurationName = Release;
		};
		DE4188421BBD7A1D00D8775C /* Build configuration list for PBXNativeTarget "Controlling the Keyboard" */ = {
			isa = XCConfigurationList;
			buildConfigurations = (
				DE4188431BBD7A1D00D8775C /* Debug */,
				DE4188441BBD7A1D00D8775C /* Release */,
			);
			defaultConfigurationIsVisible = 0;
		};
/* End XCConfigurationList section */
	};
	rootObject = DE4188281BBD7A1D00D8775C /* Project object */;
}
